
Microsoft Visual Studio Solution File, Format Version 12.00
# Visual Studio Version 17
VisualStudioVersion = 17.5.002.0
MinimumVisualStudioVersion = 10.0.40219.1
Project("{9A19103F-16F7-4668-BE54-9A1E7A4F7556}") = "miminal-api", "miminal-api.csproj", "{45CCD3B1-C6DA-4BDC-A97C-5266CC563356}"
EndProject
Global
	GlobalSection(SolutionConfigurationPlatforms) = preSolution
		Debug|Any CPU = Debug|Any CPU
		Release|Any CPU = Release|Any CPU
	EndGlobalSection
	GlobalSection(ProjectConfigurationPlatforms) = postSolution
		{45CCD3B1-C6DA-4BDC-A97C-5266CC563356}.Debug|Any CPU.ActiveCfg = Debug|Any CPU
		{45CCD3B1-C6DA-4BDC-A97C-5266CC563356}.Debug|Any CPU.Build.0 = Debug|Any CPU
		{45CCD3B1-C6DA-4BDC-A97C-5266CC563356}.Release|Any CPU.ActiveCfg = Release|Any CPU
		{45CCD3B1-C6DA-4BDC-A97C-5266CC563356}.Release|Any CPU.Build.0 = Release|Any CPU
	EndGlobalSection
	GlobalSection(SolutionProperties) = preSolution
		HideSolutionNode = FALSE
	EndGlobalSection
	GlobalSection(ExtensibilityGlobals) = postSolution
		SolutionGuid = {E3207BB0-AC64-487D-BA2B-63710CAB87DD}
	EndGlobalSection
EndGlobal
